
Microsoft Visual Studio Solution File, Format Version 12.00
# Visual Studio Version 16
VisualStudioVersion = 16.0.30717.126
MinimumVisualStudioVersion = 10.0.40219.1
Project("{FAE04EC0-301F-11D3-BF4B-00C04F79EFBC}") = "WebApplication3", "WebApplication3\WebApplication3.csproj", "{408158B0-8B70-40A7-BA12-68937748A49A}"
EndProject
Global
	GlobalSection(SolutionConfigurationPlatforms) = preSolution
		Debug|Any CPU = Debug|Any CPU
		Release|Any CPU = Release|Any CPU
	EndGlobalSection
	GlobalSection(ProjectConfigurationPlatforms) = postSolution
		{408158B0-8B70-40A7-BA12-68937748A49A}.Debug|Any CPU.ActiveCfg = Debug|Any CPU
		{408158B0-8B70-40A7-BA12-68937748A49A}.Debug|Any CPU.Build.0 = Debug|Any CPU
		{408158B0-8B70-40A7-BA12-68937748A49A}.Release|Any CPU.ActiveCfg = Release|Any CPU
		{408158B0-8B70-40A7-BA12-68937748A49A}.Release|Any CPU.Build.0 = Release|Any CPU
	EndGlobalSection
	GlobalSection(SolutionProperties) = preSolution
		HideSolutionNode = FALSE
	EndGlobalSection
	GlobalSection(ExtensibilityGlobals) = postSolution
		SolutionGuid = {8068DD64-AF3B-4999-8157-5961E7811274}
	EndGlobalSection
EndGlobal
